
Microsoft Visual Studio Solution File, Format Version 12.00
# Visual Studio Version 17
VisualStudioVersion = 17.3.32819.101
MinimumVisualStudioVersion = 10.0.40219.1
Project("{FAE04EC0-301F-11D3-BF4B-00C04F79EFBC}") = "Heranca_Polimorfismo", "Heranca_Polimorfismo\Heranca_Polimorfismo.csproj", "{7F26D63B-3114-4EE7-A3FC-8D14E3A4F227}"
EndProject
Global
	GlobalSection(SolutionConfigurationPlatforms) = preSolution
		Debug|Any CPU = Debug|Any CPU
		Release|Any CPU = Release|Any CPU
	EndGlobalSection
	GlobalSection(ProjectConfigurationPlatforms) = postSolution
		{7F26D63B-3114-4EE7-A3FC-8D14E3A4F227}.Debug|Any CPU.ActiveCfg = Debug|Any CPU
		{7F26D63B-3114-4EE7-A3FC-8D14E3A4F227}.Debug|Any CPU.Build.0 = Debug|Any CPU
		{7F26D63B-3114-4EE7-A3FC-8D14E3A4F227}.Release|Any CPU.ActiveCfg = Release|Any CPU
		{7F26D63B-3114-4EE7-A3FC-8D14E3A4F227}.Release|Any CPU.Build.0 = Release|Any CPU
	EndGlobalSection
	GlobalSection(SolutionProperties) = preSolution
		HideSolutionNode = FALSE
	EndGlobalSection
	GlobalSection(ExtensibilityGlobals) = postSolution
		SolutionGuid = {4432FF12-BA78-45D8-9881-D209915911A1}
	EndGlobalSection
EndGlobal
