
Microsoft Visual Studio Solution File, Format Version 12.00
# Visual Studio Version 17
VisualStudioVersion = 17.9.34714.143
MinimumVisualStudioVersion = 10.0.40219.1
Project("{FAE04EC0-301F-11D3-BF4B-00C04F79EFBC}") = "OnlyTest_GetHashCode", "OnlyTest_GetHashCode\OnlyTest_GetHashCode.csproj", "{02E97050-732C-4CA2-82CF-1204B8D764E1}"
EndProject
Global
	GlobalSection(SolutionConfigurationPlatforms) = preSolution
		Debug|Any CPU = Debug|Any CPU
		Release|Any CPU = Release|Any CPU
	EndGlobalSection
	GlobalSection(ProjectConfigurationPlatforms) = postSolution
		{02E97050-732C-4CA2-82CF-1204B8D764E1}.Debug|Any CPU.ActiveCfg = Debug|Any CPU
		{02E97050-732C-4CA2-82CF-1204B8D764E1}.Debug|Any CPU.Build.0 = Debug|Any CPU
		{02E97050-732C-4CA2-82CF-1204B8D764E1}.Release|Any CPU.ActiveCfg = Release|Any CPU
		{02E97050-732C-4CA2-82CF-1204B8D764E1}.Release|Any CPU.Build.0 = Release|Any CPU
	EndGlobalSection
	GlobalSection(SolutionProperties) = preSolution
		HideSolutionNode = FALSE
	EndGlobalSection
	GlobalSection(ExtensibilityGlobals) = postSolution
		SolutionGuid = {DF2FE493-AB71-4FE2-AB45-EF7158041940}
	EndGlobalSection
EndGlobal
