
Microsoft Visual Studio Solution File, Format Version 12.00
# Visual Studio Version 17
VisualStudioVersion = 17.3.32819.101
MinimumVisualStudioVersion = 10.0.40219.1
Project("{FAE04EC0-301F-11D3-BF4B-00C04F79EFBC}") = "Projeto_Xadrez_ConsoleApp", "Projeto_Xadrez_ConsoleApp\Projeto_Xadrez_ConsoleApp.csproj", "{DF0481F4-B967-40CF-8274-860F4FB78ABA}"
EndProject
Global
	GlobalSection(SolutionConfigurationPlatforms) = preSolution
		Debug|Any CPU = Debug|Any CPU
		Release|Any CPU = Release|Any CPU
	EndGlobalSection
	GlobalSection(ProjectConfigurationPlatforms) = postSolution
		{DF0481F4-B967-40CF-8274-860F4FB78ABA}.Debug|Any CPU.ActiveCfg = Debug|Any CPU
		{DF0481F4-B967-40CF-8274-860F4FB78ABA}.Debug|Any CPU.Build.0 = Debug|Any CPU
		{DF0481F4-B967-40CF-8274-860F4FB78ABA}.Release|Any CPU.ActiveCfg = Release|Any CPU
		{DF0481F4-B967-40CF-8274-860F4FB78ABA}.Release|Any CPU.Build.0 = Release|Any CPU
	EndGlobalSection
	GlobalSection(SolutionProperties) = preSolution
		HideSolutionNode = FALSE
	EndGlobalSection
	GlobalSection(ExtensibilityGlobals) = postSolution
		SolutionGuid = {6E68964B-93BB-4BAA-8B3F-D7C7405028A3}
	EndGlobalSection
EndGlobal
