
Microsoft Visual Studio Solution File, Format Version 12.00
# Visual Studio Version 17
VisualStudioVersion = 17.3.32819.101
MinimumVisualStudioVersion = 10.0.40219.1
Project("{FAE04EC0-301F-11D3-BF4B-00C04F79EFBC}") = "Exemplo_For_Each", "Exemplo_For_Each\Exemplo_For_Each.csproj", "{26C05B52-E45A-4E64-B54C-E3EEE9F94ED7}"
EndProject
Global
	GlobalSection(SolutionConfigurationPlatforms) = preSolution
		Debug|Any CPU = Debug|Any CPU
		Release|Any CPU = Release|Any CPU
	EndGlobalSection
	GlobalSection(ProjectConfigurationPlatforms) = postSolution
		{26C05B52-E45A-4E64-B54C-E3EEE9F94ED7}.Debug|Any CPU.ActiveCfg = Debug|Any CPU
		{26C05B52-E45A-4E64-B54C-E3EEE9F94ED7}.Debug|Any CPU.Build.0 = Debug|Any CPU
		{26C05B52-E45A-4E64-B54C-E3EEE9F94ED7}.Release|Any CPU.ActiveCfg = Release|Any CPU
		{26C05B52-E45A-4E64-B54C-E3EEE9F94ED7}.Release|Any CPU.Build.0 = Release|Any CPU
	EndGlobalSection
	GlobalSection(SolutionProperties) = preSolution
		HideSolutionNode = FALSE
	EndGlobalSection
	GlobalSection(ExtensibilityGlobals) = postSolution
		SolutionGuid = {BD36C327-2209-4EF9-A968-81FCD21E79B1}
	EndGlobalSection
EndGlobal
