
Microsoft Visual Studio Solution File, Format Version 12.00
# Visual Studio Version 17
VisualStudioVersion = 17.3.32819.101
MinimumVisualStudioVersion = 10.0.40219.1
Project("{FAE04EC0-301F-11D3-BF4B-00C04F79EFBC}") = "Metodos_Abstratos", "Metodos_Abstratos\Metodos_Abstratos.csproj", "{8D4C4FF1-F3CB-4BE2-9555-929C4BBEEC5F}"
EndProject
Global
	GlobalSection(SolutionConfigurationPlatforms) = preSolution
		Debug|Any CPU = Debug|Any CPU
		Release|Any CPU = Release|Any CPU
	EndGlobalSection
	GlobalSection(ProjectConfigurationPlatforms) = postSolution
		{8D4C4FF1-F3CB-4BE2-9555-929C4BBEEC5F}.Debug|Any CPU.ActiveCfg = Debug|Any CPU
		{8D4C4FF1-F3CB-4BE2-9555-929C4BBEEC5F}.Debug|Any CPU.Build.0 = Debug|Any CPU
		{8D4C4FF1-F3CB-4BE2-9555-929C4BBEEC5F}.Release|Any CPU.ActiveCfg = Release|Any CPU
		{8D4C4FF1-F3CB-4BE2-9555-929C4BBEEC5F}.Release|Any CPU.Build.0 = Release|Any CPU
	EndGlobalSection
	GlobalSection(SolutionProperties) = preSolution
		HideSolutionNode = FALSE
	EndGlobalSection
	GlobalSection(ExtensibilityGlobals) = postSolution
		SolutionGuid = {0D699FC1-042E-477B-90B1-4D2A83C845F1}
	EndGlobalSection
EndGlobal
