
Microsoft Visual Studio Solution File, Format Version 12.00
# Visual Studio Version 17
VisualStudioVersion = 17.3.32819.101
MinimumVisualStudioVersion = 10.0.40219.1
Project("{FAE04EC0-301F-11D3-BF4B-00C04F79EFBC}") = "Trabalhador_Contratos", "Trabalhador_Contratos\Trabalhador_Contratos.csproj", "{D245D092-D576-4E61-A3AD-7A247EAFA08A}"
EndProject
Global
	GlobalSection(SolutionConfigurationPlatforms) = preSolution
		Debug|Any CPU = Debug|Any CPU
		Release|Any CPU = Release|Any CPU
	EndGlobalSection
	GlobalSection(ProjectConfigurationPlatforms) = postSolution
		{D245D092-D576-4E61-A3AD-7A247EAFA08A}.Debug|Any CPU.ActiveCfg = Debug|Any CPU
		{D245D092-D576-4E61-A3AD-7A247EAFA08A}.Debug|Any CPU.Build.0 = Debug|Any CPU
		{D245D092-D576-4E61-A3AD-7A247EAFA08A}.Release|Any CPU.ActiveCfg = Release|Any CPU
		{D245D092-D576-4E61-A3AD-7A247EAFA08A}.Release|Any CPU.Build.0 = Release|Any CPU
	EndGlobalSection
	GlobalSection(SolutionProperties) = preSolution
		HideSolutionNode = FALSE
	EndGlobalSection
	GlobalSection(ExtensibilityGlobals) = postSolution
		SolutionGuid = {BADABFC0-82CB-471D-ABCB-198E5E0ADF12}
	EndGlobalSection
EndGlobal
