
Microsoft Visual Studio Solution File, Format Version 12.00
# Visual Studio Version 17
VisualStudioVersion = 17.3.32819.101
MinimumVisualStudioVersion = 10.0.40219.1
Project("{FAE04EC0-301F-11D3-BF4B-00C04F79EFBC}") = "Tratamento_De_Exceções_2.0", "Tratamento_De_Exceções_2.0\Tratamento_De_Exceções_2.0.csproj", "{040D70C5-C1B0-4387-A8FF-8207BBA97D09}"
EndProject
Global
	GlobalSection(SolutionConfigurationPlatforms) = preSolution
		Debug|Any CPU = Debug|Any CPU
		Release|Any CPU = Release|Any CPU
	EndGlobalSection
	GlobalSection(ProjectConfigurationPlatforms) = postSolution
		{040D70C5-C1B0-4387-A8FF-8207BBA97D09}.Debug|Any CPU.ActiveCfg = Debug|Any CPU
		{040D70C5-C1B0-4387-A8FF-8207BBA97D09}.Debug|Any CPU.Build.0 = Debug|Any CPU
		{040D70C5-C1B0-4387-A8FF-8207BBA97D09}.Release|Any CPU.ActiveCfg = Release|Any CPU
		{040D70C5-C1B0-4387-A8FF-8207BBA97D09}.Release|Any CPU.Build.0 = Release|Any CPU
	EndGlobalSection
	GlobalSection(SolutionProperties) = preSolution
		HideSolutionNode = FALSE
	EndGlobalSection
	GlobalSection(ExtensibilityGlobals) = postSolution
		SolutionGuid = {B4A1DC16-D0E0-40A2-86E8-C29FFF392A67}
	EndGlobalSection
EndGlobal
