
Microsoft Visual Studio Solution File, Format Version 12.00
# Visual Studio Version 17
VisualStudioVersion = 17.9.34714.143
MinimumVisualStudioVersion = 10.0.40219.1
Project("{FAE04EC0-301F-11D3-BF4B-00C04F79EFBC}") = "Set2_Resolution", "Set2_Resolution\Set2_Resolution.csproj", "{9463E90D-B24B-4C9A-9CEA-3C4036D17192}"
EndProject
Global
	GlobalSection(SolutionConfigurationPlatforms) = preSolution
		Debug|Any CPU = Debug|Any CPU
		Release|Any CPU = Release|Any CPU
	EndGlobalSection
	GlobalSection(ProjectConfigurationPlatforms) = postSolution
		{9463E90D-B24B-4C9A-9CEA-3C4036D17192}.Debug|Any CPU.ActiveCfg = Debug|Any CPU
		{9463E90D-B24B-4C9A-9CEA-3C4036D17192}.Debug|Any CPU.Build.0 = Debug|Any CPU
		{9463E90D-B24B-4C9A-9CEA-3C4036D17192}.Release|Any CPU.ActiveCfg = Release|Any CPU
		{9463E90D-B24B-4C9A-9CEA-3C4036D17192}.Release|Any CPU.Build.0 = Release|Any CPU
	EndGlobalSection
	GlobalSection(SolutionProperties) = preSolution
		HideSolutionNode = FALSE
	EndGlobalSection
	GlobalSection(ExtensibilityGlobals) = postSolution
		SolutionGuid = {A787D0D2-D526-4ED1-AE45-CBF6D5167660}
	EndGlobalSection
EndGlobal
