
Microsoft Visual Studio Solution File, Format Version 12.00
# Visual Studio Version 17
VisualStudioVersion = 17.3.32819.101
MinimumVisualStudioVersion = 10.0.40219.1
Project("{FAE04EC0-301F-11D3-BF4B-00C04F79EFBC}") = "ExercicioTeste", "ExercicioTeste\ExercicioTeste.csproj", "{68F0A1FD-4CD2-461F-992E-F9FAB01C2BC2}"
EndProject
Global
	GlobalSection(SolutionConfigurationPlatforms) = preSolution
		Debug|Any CPU = Debug|Any CPU
		Release|Any CPU = Release|Any CPU
	EndGlobalSection
	GlobalSection(ProjectConfigurationPlatforms) = postSolution
		{68F0A1FD-4CD2-461F-992E-F9FAB01C2BC2}.Debug|Any CPU.ActiveCfg = Debug|Any CPU
		{68F0A1FD-4CD2-461F-992E-F9FAB01C2BC2}.Debug|Any CPU.Build.0 = Debug|Any CPU
		{68F0A1FD-4CD2-461F-992E-F9FAB01C2BC2}.Release|Any CPU.ActiveCfg = Release|Any CPU
		{68F0A1FD-4CD2-461F-992E-F9FAB01C2BC2}.Release|Any CPU.Build.0 = Release|Any CPU
	EndGlobalSection
	GlobalSection(SolutionProperties) = preSolution
		HideSolutionNode = FALSE
	EndGlobalSection
	GlobalSection(ExtensibilityGlobals) = postSolution
		SolutionGuid = {16DE1A01-D3DD-4080-AD29-D3990A4D9921}
	EndGlobalSection
EndGlobal
