
Microsoft Visual Studio Solution File, Format Version 12.00
# Visual Studio Version 17
VisualStudioVersion = 17.3.32819.101
MinimumVisualStudioVersion = 10.0.40219.1
Project("{FAE04EC0-301F-11D3-BF4B-00C04F79EFBC}") = "Construtores", "Construtores\Construtores.csproj", "{7BF272FC-F23F-4BB7-9B19-A071DE6D3EAF}"
EndProject
Global
	GlobalSection(SolutionConfigurationPlatforms) = preSolution
		Debug|Any CPU = Debug|Any CPU
		Release|Any CPU = Release|Any CPU
	EndGlobalSection
	GlobalSection(ProjectConfigurationPlatforms) = postSolution
		{7BF272FC-F23F-4BB7-9B19-A071DE6D3EAF}.Debug|Any CPU.ActiveCfg = Debug|Any CPU
		{7BF272FC-F23F-4BB7-9B19-A071DE6D3EAF}.Debug|Any CPU.Build.0 = Debug|Any CPU
		{7BF272FC-F23F-4BB7-9B19-A071DE6D3EAF}.Release|Any CPU.ActiveCfg = Release|Any CPU
		{7BF272FC-F23F-4BB7-9B19-A071DE6D3EAF}.Release|Any CPU.Build.0 = Release|Any CPU
	EndGlobalSection
	GlobalSection(SolutionProperties) = preSolution
		HideSolutionNode = FALSE
	EndGlobalSection
	GlobalSection(ExtensibilityGlobals) = postSolution
		SolutionGuid = {BC722261-BC01-41F7-9F3F-375448C184DB}
	EndGlobalSection
EndGlobal
