
Microsoft Visual Studio Solution File, Format Version 12.00
# Visual Studio Version 17
VisualStudioVersion = 17.3.32819.101
MinimumVisualStudioVersion = 10.0.40219.1
Project("{FAE04EC0-301F-11D3-BF4B-00C04F79EFBC}") = "Trabalhando_Com_Arquivos", "Trabalhando_Com_Arquivos\Trabalhando_Com_Arquivos.csproj", "{05ACACED-5B23-47CE-A26D-F1CD87121F1F}"
EndProject
Global
	GlobalSection(SolutionConfigurationPlatforms) = preSolution
		Debug|Any CPU = Debug|Any CPU
		Release|Any CPU = Release|Any CPU
	EndGlobalSection
	GlobalSection(ProjectConfigurationPlatforms) = postSolution
		{05ACACED-5B23-47CE-A26D-F1CD87121F1F}.Debug|Any CPU.ActiveCfg = Debug|Any CPU
		{05ACACED-5B23-47CE-A26D-F1CD87121F1F}.Debug|Any CPU.Build.0 = Debug|Any CPU
		{05ACACED-5B23-47CE-A26D-F1CD87121F1F}.Release|Any CPU.ActiveCfg = Release|Any CPU
		{05ACACED-5B23-47CE-A26D-F1CD87121F1F}.Release|Any CPU.Build.0 = Release|Any CPU
	EndGlobalSection
	GlobalSection(SolutionProperties) = preSolution
		HideSolutionNode = FALSE
	EndGlobalSection
	GlobalSection(ExtensibilityGlobals) = postSolution
		SolutionGuid = {E3185D3A-BEA3-434C-8773-7A566952217F}
	EndGlobalSection
EndGlobal
