
Microsoft Visual Studio Solution File, Format Version 12.00
# Visual Studio Version 17
VisualStudioVersion = 17.3.32819.101
MinimumVisualStudioVersion = 10.0.40219.1
Project("{FAE04EC0-301F-11D3-BF4B-00C04F79EFBC}") = "Exercício2_Entities", "Exercício2_Entities\Exercício2_Entities.csproj", "{82DA4FC0-9A42-45C6-9368-1135724E1274}"
EndProject
Global
	GlobalSection(SolutionConfigurationPlatforms) = preSolution
		Debug|Any CPU = Debug|Any CPU
		Release|Any CPU = Release|Any CPU
	EndGlobalSection
	GlobalSection(ProjectConfigurationPlatforms) = postSolution
		{82DA4FC0-9A42-45C6-9368-1135724E1274}.Debug|Any CPU.ActiveCfg = Debug|Any CPU
		{82DA4FC0-9A42-45C6-9368-1135724E1274}.Debug|Any CPU.Build.0 = Debug|Any CPU
		{82DA4FC0-9A42-45C6-9368-1135724E1274}.Release|Any CPU.ActiveCfg = Release|Any CPU
		{82DA4FC0-9A42-45C6-9368-1135724E1274}.Release|Any CPU.Build.0 = Release|Any CPU
	EndGlobalSection
	GlobalSection(SolutionProperties) = preSolution
		HideSolutionNode = FALSE
	EndGlobalSection
	GlobalSection(ExtensibilityGlobals) = postSolution
		SolutionGuid = {B0CF3BF7-B7D9-4A79-90A5-B83C7FA2615A}
	EndGlobalSection
EndGlobal
