
Microsoft Visual Studio Solution File, Format Version 12.00
# Visual Studio Version 17
VisualStudioVersion = 17.11.35219.272
MinimumVisualStudioVersion = 10.0.40219.1
Project("{FAE04EC0-301F-11D3-BF4B-00C04F79EFBC}") = "Aluno_API", "Aluno_API\Aluno_API.csproj", "{D3C4BDFA-E879-4CCE-8D90-FCB1C1706B85}"
EndProject
Global
	GlobalSection(SolutionConfigurationPlatforms) = preSolution
		Debug|Any CPU = Debug|Any CPU
		Release|Any CPU = Release|Any CPU
	EndGlobalSection
	GlobalSection(ProjectConfigurationPlatforms) = postSolution
		{D3C4BDFA-E879-4CCE-8D90-FCB1C1706B85}.Debug|Any CPU.ActiveCfg = Debug|Any CPU
		{D3C4BDFA-E879-4CCE-8D90-FCB1C1706B85}.Debug|Any CPU.Build.0 = Debug|Any CPU
		{D3C4BDFA-E879-4CCE-8D90-FCB1C1706B85}.Release|Any CPU.ActiveCfg = Release|Any CPU
		{D3C4BDFA-E879-4CCE-8D90-FCB1C1706B85}.Release|Any CPU.Build.0 = Release|Any CPU
	EndGlobalSection
	GlobalSection(SolutionProperties) = preSolution
		HideSolutionNode = FALSE
	EndGlobalSection
	GlobalSection(ExtensibilityGlobals) = postSolution
		SolutionGuid = {1D73FA72-2D66-45FD-A87E-A9F472B1FB2C}
	EndGlobalSection
EndGlobal
