
Microsoft Visual Studio Solution File, Format Version 12.00
# Visual Studio Version 17
VisualStudioVersion = 17.3.32819.101
MinimumVisualStudioVersion = 10.0.40219.1
Project("{FAE04EC0-301F-11D3-BF4B-00C04F79EFBC}") = "Generics_Part_1", "Generics_Part_1\Generics_Part_1.csproj", "{325C26BD-F05C-47C7-9D2E-216E822ED696}"
EndProject
Global
	GlobalSection(SolutionConfigurationPlatforms) = preSolution
		Debug|Any CPU = Debug|Any CPU
		Release|Any CPU = Release|Any CPU
	EndGlobalSection
	GlobalSection(ProjectConfigurationPlatforms) = postSolution
		{325C26BD-F05C-47C7-9D2E-216E822ED696}.Debug|Any CPU.ActiveCfg = Debug|Any CPU
		{325C26BD-F05C-47C7-9D2E-216E822ED696}.Debug|Any CPU.Build.0 = Debug|Any CPU
		{325C26BD-F05C-47C7-9D2E-216E822ED696}.Release|Any CPU.ActiveCfg = Release|Any CPU
		{325C26BD-F05C-47C7-9D2E-216E822ED696}.Release|Any CPU.Build.0 = Release|Any CPU
	EndGlobalSection
	GlobalSection(SolutionProperties) = preSolution
		HideSolutionNode = FALSE
	EndGlobalSection
	GlobalSection(ExtensibilityGlobals) = postSolution
		SolutionGuid = {5F11BEEB-FD50-4B7B-AF19-63690FD17274}
	EndGlobalSection
EndGlobal
