
Microsoft Visual Studio Solution File, Format Version 12.00
# Visual Studio Version 17
VisualStudioVersion = 17.9.34728.123
MinimumVisualStudioVersion = 10.0.40219.1
Project("{9A19103F-16F7-4668-BE54-9A1E7A4F7556}") = "SalesWebMvc_NoServices", "SalesWebMvc_NoServices.csproj", "{05F47F33-8E8F-44B3-B9A5-F991F0272A7B}"
EndProject
Global
	GlobalSection(SolutionConfigurationPlatforms) = preSolution
		Debug|Any CPU = Debug|Any CPU
		Release|Any CPU = Release|Any CPU
	EndGlobalSection
	GlobalSection(ProjectConfigurationPlatforms) = postSolution
		{05F47F33-8E8F-44B3-B9A5-F991F0272A7B}.Debug|Any CPU.ActiveCfg = Debug|Any CPU
		{05F47F33-8E8F-44B3-B9A5-F991F0272A7B}.Debug|Any CPU.Build.0 = Debug|Any CPU
		{05F47F33-8E8F-44B3-B9A5-F991F0272A7B}.Release|Any CPU.ActiveCfg = Release|Any CPU
		{05F47F33-8E8F-44B3-B9A5-F991F0272A7B}.Release|Any CPU.Build.0 = Release|Any CPU
	EndGlobalSection
	GlobalSection(SolutionProperties) = preSolution
		HideSolutionNode = FALSE
	EndGlobalSection
	GlobalSection(ExtensibilityGlobals) = postSolution
		SolutionGuid = {E6C92C4C-33FC-457E-94F4-CC60E9F3ABD1}
	EndGlobalSection
EndGlobal
