
Microsoft Visual Studio Solution File, Format Version 12.00
# Visual Studio Version 17
VisualStudioVersion = 17.3.32819.101
MinimumVisualStudioVersion = 10.0.40219.1
Project("{FAE04EC0-301F-11D3-BF4B-00C04F79EFBC}") = "Final_Heranca_Polimorfismo", "Final_Heranca_Polimorfismo\Final_Heranca_Polimorfismo.csproj", "{57E375B7-8C8A-471A-A029-741EED2DD034}"
EndProject
Global
	GlobalSection(SolutionConfigurationPlatforms) = preSolution
		Debug|Any CPU = Debug|Any CPU
		Release|Any CPU = Release|Any CPU
	EndGlobalSection
	GlobalSection(ProjectConfigurationPlatforms) = postSolution
		{57E375B7-8C8A-471A-A029-741EED2DD034}.Debug|Any CPU.ActiveCfg = Debug|Any CPU
		{57E375B7-8C8A-471A-A029-741EED2DD034}.Debug|Any CPU.Build.0 = Debug|Any CPU
		{57E375B7-8C8A-471A-A029-741EED2DD034}.Release|Any CPU.ActiveCfg = Release|Any CPU
		{57E375B7-8C8A-471A-A029-741EED2DD034}.Release|Any CPU.Build.0 = Release|Any CPU
	EndGlobalSection
	GlobalSection(SolutionProperties) = preSolution
		HideSolutionNode = FALSE
	EndGlobalSection
	GlobalSection(ExtensibilityGlobals) = postSolution
		SolutionGuid = {E65B7479-C763-4870-877D-826C89BB337F}
	EndGlobalSection
EndGlobal
